
Microsoft Visual Studio Solution File, Format Version 12.00
# Visual Studio 2012
Project("{8BC9CEB8-8B4A-11D0-8D11-00A0C91BC942}") = "2501_GameProject", "Project1\Project1.vcxproj", "{A33E0E23-887D-4840-BDB2-DE706EC27BB0}"
EndProject
Project("{8BC9CEB8-8B4A-11D0-8D11-00A0C91BC942}") = "Xbox Controller Test", "Project2\Project2.vcxproj", "{CD91CEC0-D447-4FE4-BC43-4508CEEBBC17}"
EndProject
Global
	GlobalSection(SolutionConfigurationPlatforms) = preSolution
		Debug|Win32 = Debug|Win32
		Release|Win32 = Release|Win32
	EndGlobalSection
	GlobalSection(ProjectConfigurationPlatforms) = postSolution
		{A33E0E23-887D-4840-BDB2-DE706EC27BB0}.Debug|Win32.ActiveCfg = Debug|Win32
		{A33E0E23-887D-4840-BDB2-DE706EC27BB0}.Debug|Win32.Build.0 = Debug|Win32
		{A33E0E23-887D-4840-BDB2-DE706EC27BB0}.Release|Win32.ActiveCfg = Release|Win32
		{A33E0E23-887D-4840-BDB2-DE706EC27BB0}.Release|Win32.Build.0 = Release|Win32
		{CD91CEC0-D447-4FE4-BC43-4508CEEBBC17}.Debug|Win32.ActiveCfg = Debug|Win32
		{CD91CEC0-D447-4FE4-BC43-4508CEEBBC17}.Debug|Win32.Build.0 = Debug|Win32
		{CD91CEC0-D447-4FE4-BC43-4508CEEBBC17}.Release|Win32.ActiveCfg = Release|Win32
		{CD91CEC0-D447-4FE4-BC43-4508CEEBBC17}.Release|Win32.Build.0 = Release|Win32
	EndGlobalSection
	GlobalSection(SolutionProperties) = preSolution
		HideSolutionNode = FALSE
	EndGlobalSection
EndGlobal
