<?xml version="1.0" encoding="utf-8"?>
<Project ToolsVersion="4.0" xmlns="http://schemas.microsoft.com/developer/msbuild/2003">
  <ItemGroup>
    <Filter Include="Header Files">
      <UniqueIdentifier>{93995380-89BD-4b04-88EB-625FBE52EBFB}</UniqueIdentifier>
      <Extensions>h;hpp;hxx;hm;inl;inc;xsd</Extensions>
    </Filter>
    <Filter Include="Header Files\Graphics">
      <UniqueIdentifier>{fb930e2f-976d-47bb-9f07-4259e915cd28}</UniqueIdentifier>
    </Filter>
    <Filter Include="Header Files\Models">
      <UniqueIdentifier>{7f987dc7-a454-4551-a95a-507089d0aee4}</UniqueIdentifier>
    </Filter>
    <Filter Include="Header Files\Input">
      <UniqueIdentifier>{49a01095-d13a-4839-a3a4-ba49977f3141}</UniqueIdentifier>
    </Filter>
    <Filter Include="Header Files\Garbage">
      <UniqueIdentifier>{71ecde7f-3227-401f-8535-6d7fe2d9bd4a}</UniqueIdentifier>
    </Filter>
    <Filter Include="Source Files">
      <UniqueIdentifier>{4FC737F1-C7A5-4376-A066-2A32D752A2FF}</UniqueIdentifier>
      <Extensions>cpp;c;cc;cxx;def;odl;idl;hpj;bat;asm;asmx</Extensions>
    </Filter>
    <Filter Include="Source Files\Graphics">
      <UniqueIdentifier>{09358959-c7d7-4127-abd4-488fdcde9545}</UniqueIdentifier>
    </Filter>
    <Filter Include="Source Files\Models">
      <UniqueIdentifier>{baaaee56-bd49-457d-af99-f7893a33085c}</UniqueIdentifier>
    </Filter>
    <Filter Include="Source Files\Input">
      <UniqueIdentifier>{ae16eaa3-be7a-416e-9e26-7c906a77d714}</UniqueIdentifier>
    </Filter>
    <Filter Include="Source Files\Garbage">
      <UniqueIdentifier>{94934a45-5091-4ae6-be15-c4dff921f53b}</UniqueIdentifier>
    </Filter>
    <Filter Include="zShader Files">
      <UniqueIdentifier>{67DA6AB6-F800-4c08-8B7A-83BB121AAD01}</UniqueIdentifier>
      <Extensions>rc;ico;cur;bmp;dlg;rc2;rct;bin;rgs;gif;jpg;jpeg;jpe;resx;tiff;tif;png;wav;mfcribbon-ms</Extensions>
    </Filter>
    <Filter Include="Header Files\Helper Headers">
      <UniqueIdentifier>{4a878ead-ae05-4fb6-a056-34707031a77a}</UniqueIdentifier>
    </Filter>
    <Filter Include="Source Files\Models\EntityModels">
      <UniqueIdentifier>{b99d55ab-5284-4dd1-92db-8467e7630415}</UniqueIdentifier>
    </Filter>
    <Filter Include="Header Files\Models\EntityModels">
      <UniqueIdentifier>{ff71462b-9a5e-4317-8cb6-93360d02ccf2}</UniqueIdentifier>
    </Filter>
    <Filter Include="Header Files\Models\BasicModels">
      <UniqueIdentifier>{e57c9796-afbc-407f-aa13-44a96b865db6}</UniqueIdentifier>
    </Filter>
    <Filter Include="Source Files\Models\BasicModels">
      <UniqueIdentifier>{fd9a7143-dbeb-47df-9470-c17a8c14a28f}</UniqueIdentifier>
    </Filter>
    <Filter Include="Header Files\Entities">
      <UniqueIdentifier>{832972d4-5e66-4457-b8cf-18e2f7de170b}</UniqueIdentifier>
    </Filter>
    <Filter Include="Source Files\Entities">
      <UniqueIdentifier>{371ebc3c-8ad5-45bc-ba34-00caadac49f1}</UniqueIdentifier>
    </Filter>
  </ItemGroup>
  <ItemGroup>
    <ClCompile Include="main.cpp">
      <Filter>Source Files</Filter>
    </ClCompile>
    <ClCompile Include="Game.cpp">
      <Filter>Source Files</Filter>
    </ClCompile>
    <ClCompile Include="CineCamera.cpp">
      <Filter>Source Files\Graphics</Filter>
    </ClCompile>
    <ClCompile Include="ColorShader.cpp">
      <Filter>Source Files\Graphics</Filter>
    </ClCompile>
    <ClCompile Include="Texture.cpp">
      <Filter>Source Files\Graphics</Filter>
    </ClCompile>
    <ClCompile Include="TextureShader.cpp">
      <Filter>Source Files\Graphics</Filter>
    </ClCompile>
    <ClCompile Include="D3D.cpp">
      <Filter>Source Files\Graphics</Filter>
    </ClCompile>
    <ClCompile Include="Graphics.cpp">
      <Filter>Source Files\Graphics</Filter>
    </ClCompile>
    <ClCompile Include="KeyInput.cpp">
      <Filter>Source Files\Input</Filter>
    </ClCompile>
    <ClCompile Include="Model.cpp">
      <Filter>Source Files\Models</Filter>
    </ClCompile>
    <ClCompile Include="GameModel.cpp">
      <Filter>Source Files\Models</Filter>
    </ClCompile>
    <ClCompile Include="ControllerInputManager.cpp">
      <Filter>Source Files\Input</Filter>
    </ClCompile>
    <ClCompile Include="OldCamera.cpp">
      <Filter>Source Files\Garbage</Filter>
    </ClCompile>
    <ClCompile Include="Playfield.cpp">
      <Filter>Source Files</Filter>
    </ClCompile>
    <ClCompile Include="ConeTexturedModel.cpp">
      <Filter>Source Files\Garbage</Filter>
    </ClCompile>
    <ClCompile Include="Cubemodel.cpp">
      <Filter>Source Files\Garbage</Filter>
    </ClCompile>
    <ClCompile Include="CubeTexturedModel.cpp">
      <Filter>Source Files\Garbage</Filter>
    </ClCompile>
    <ClCompile Include="Prismmodel.cpp">
      <Filter>Source Files\Garbage</Filter>
    </ClCompile>
    <ClCompile Include="PrismTexturedModel.cpp">
      <Filter>Source Files\Garbage</Filter>
    </ClCompile>
    <ClCompile Include="Camera.cpp">
      <Filter>Source Files\Graphics</Filter>
    </ClCompile>
    <ClCompile Include="ViewModel.cpp">
      <Filter>Source Files\Models</Filter>
    </ClCompile>
    <ClCompile Include="LogModel.cpp">
      <Filter>Source Files\Models\EntityModels</Filter>
    </ClCompile>
    <ClCompile Include="PlayerModel.cpp">
      <Filter>Source Files\Models\EntityModels</Filter>
    </ClCompile>
    <ClCompile Include="QuadTexturedModel.cpp">
      <Filter>Source Files\Models\BasicModels</Filter>
    </ClCompile>
    <ClCompile Include="QuadModel.cpp">
      <Filter>Source Files\Models\BasicModels</Filter>
    </ClCompile>
    <ClCompile Include="XYZaxis.cpp">
      <Filter>Source Files\Models\BasicModels</Filter>
    </ClCompile>
    <ClCompile Include="Entity.cpp">
      <Filter>Source Files\Entities</Filter>
    </ClCompile>
    <ClCompile Include="LogObstacle.cpp">
      <Filter>Source Files\Entities</Filter>
    </ClCompile>
    <ClCompile Include="Obstacle.cpp">
      <Filter>Source Files\Entities</Filter>
    </ClCompile>
    <ClCompile Include="Player.cpp">
      <Filter>Source Files\Entities</Filter>
    </ClCompile>
    <ClCompile Include="PlayerViewModel.cpp">
      <Filter>Source Files\Models\EntityModels</Filter>
    </ClCompile>
  </ItemGroup>
  <ItemGroup>
    <ClInclude Include="vertextype.h">
      <Filter>Header Files\Models</Filter>
    </ClInclude>
    <ClInclude Include="Game.h">
      <Filter>Header Files</Filter>
    </ClInclude>
    <ClInclude Include="CineCamera.h">
      <Filter>Header Files\Graphics</Filter>
    </ClInclude>
    <ClInclude Include="ColorShader.h">
      <Filter>Header Files\Graphics</Filter>
    </ClInclude>
    <ClInclude Include="Texture.h">
      <Filter>Header Files\Graphics</Filter>
    </ClInclude>
    <ClInclude Include="TextureShader.h">
      <Filter>Header Files\Graphics</Filter>
    </ClInclude>
    <ClInclude Include="D3D.h">
      <Filter>Header Files\Graphics</Filter>
    </ClInclude>
    <ClInclude Include="Graphics.h">
      <Filter>Header Files\Graphics</Filter>
    </ClInclude>
    <ClInclude Include="KeyInput.h">
      <Filter>Header Files\Input</Filter>
    </ClInclude>
    <ClInclude Include="Model.h">
      <Filter>Header Files\Models</Filter>
    </ClInclude>
    <ClInclude Include="GameModel.h">
      <Filter>Header Files\Models</Filter>
    </ClInclude>
    <ClInclude Include="ControllerInputManager.h">
      <Filter>Header Files\Input</Filter>
    </ClInclude>
    <ClInclude Include="OldCamera.h">
      <Filter>Header Files\Garbage</Filter>
    </ClInclude>
    <ClInclude Include="Playfield.h">
      <Filter>Header Files</Filter>
    </ClInclude>
    <ClInclude Include="Arraylist.h">
      <Filter>Header Files</Filter>
    </ClInclude>
    <ClInclude Include="ConeTexturedModel.h">
      <Filter>Header Files\Garbage</Filter>
    </ClInclude>
    <ClInclude Include="Cubemodel.h">
      <Filter>Header Files\Garbage</Filter>
    </ClInclude>
    <ClInclude Include="CubeTexturedModel.h">
      <Filter>Header Files\Garbage</Filter>
    </ClInclude>
    <ClInclude Include="Prismmodel.h">
      <Filter>Header Files\Garbage</Filter>
    </ClInclude>
    <ClInclude Include="PrismTexturedModel.h">
      <Filter>Header Files\Garbage</Filter>
    </ClInclude>
    <ClInclude Include="DirectXHelper.h">
      <Filter>Header Files\Helper Headers</Filter>
    </ClInclude>
    <ClInclude Include="Resource.h">
      <Filter>Header Files\Helper Headers</Filter>
    </ClInclude>
    <ClInclude Include="Camera.h">
      <Filter>Header Files\Graphics</Filter>
    </ClInclude>
    <ClInclude Include="DebugConsole.h">
      <Filter>Header Files\Helper Headers</Filter>
    </ClInclude>
    <ClInclude Include="ViewModel.h">
      <Filter>Header Files\Models</Filter>
    </ClInclude>
    <ClInclude Include="IViewModel.h">
      <Filter>Header Files\Models</Filter>
    </ClInclude>
    <ClInclude Include="LogModel.h">
      <Filter>Header Files\Models\EntityModels</Filter>
    </ClInclude>
    <ClInclude Include="PlayerModel.h">
      <Filter>Header Files\Models\EntityModels</Filter>
    </ClInclude>
    <ClInclude Include="QuadModel.h">
      <Filter>Header Files\Models\BasicModels</Filter>
    </ClInclude>
    <ClInclude Include="QuadTexturedModel.h">
      <Filter>Header Files\Models\BasicModels</Filter>
    </ClInclude>
    <ClInclude Include="XYZaxis.h">
      <Filter>Header Files\Models\BasicModels</Filter>
    </ClInclude>
    <ClInclude Include="Entity.h">
      <Filter>Header Files\Entities</Filter>
    </ClInclude>
    <ClInclude Include="Obstacle.h">
      <Filter>Header Files\Entities</Filter>
    </ClInclude>
    <ClInclude Include="Player.h">
      <Filter>Header Files\Entities</Filter>
    </ClInclude>
    <ClInclude Include="LogObstacle.h">
      <Filter>Header Files\Entities</Filter>
    </ClInclude>
    <ClInclude Include="EntityType.h">
      <Filter>Header Files\Entities</Filter>
    </ClInclude>
    <ClInclude Include="PlayerViewModel.h">
      <Filter>Header Files\Models\EntityModels</Filter>
    </ClInclude>
    <ClInclude Include="ITexture.h">
      <Filter>Header Files\Graphics</Filter>
    </ClInclude>
  </ItemGroup>
  <ItemGroup>
    <None Include="color.ps">
      <Filter>zShader Files</Filter>
    </None>
    <None Include="color.vs">
      <Filter>zShader Files</Filter>
    </None>
    <None Include="texture.ps">
      <Filter>zShader Files</Filter>
    </None>
    <None Include="texture.vs">
      <Filter>zShader Files</Filter>
    </None>
  </ItemGroup>
</Project>