<?xml version="1.0" encoding="utf-8"?>
<Project ToolsVersion="4.0" xmlns="http://schemas.microsoft.com/developer/msbuild/2003">
  <ItemGroup>
    <Filter Include="Source Files">
      <UniqueIdentifier>{4FC737F1-C7A5-4376-A066-2A32D752A2FF}</UniqueIdentifier>
      <Extensions>cpp;c;cc;cxx;def;odl;idl;hpj;bat;asm;asmx</Extensions>
    </Filter>
    <Filter Include="Header Files">
      <UniqueIdentifier>{93995380-89BD-4b04-88EB-625FBE52EBFB}</UniqueIdentifier>
      <Extensions>h;hpp;hxx;hm;inl;inc;xsd</Extensions>
    </Filter>
    <Filter Include="Header Files\Graphics">
      <UniqueIdentifier>{aecdf8a3-face-4f5a-9eb5-6d5f918969d8}</UniqueIdentifier>
    </Filter>
    <Filter Include="Source Files\Graphics">
      <UniqueIdentifier>{8d7f6e13-dad6-4ab6-a5d6-1817a52a4359}</UniqueIdentifier>
    </Filter>
    <Filter Include="zShader Files">
      <UniqueIdentifier>{2e88c5d7-ed84-4015-a4a1-53f0017d0ab0}</UniqueIdentifier>
    </Filter>
    <Filter Include="Header Files\Input">
      <UniqueIdentifier>{c9cd766b-e21d-4332-9ab7-ad780ae9a3f8}</UniqueIdentifier>
    </Filter>
    <Filter Include="Source Files\Input">
      <UniqueIdentifier>{766f5f37-d83e-4606-9e4d-cc555cb19f50}</UniqueIdentifier>
    </Filter>
  </ItemGroup>
  <ItemGroup>
    <ClCompile Include="main.cpp">
      <Filter>Source Files</Filter>
    </ClCompile>
    <ClCompile Include="Entity.cpp">
      <Filter>Source Files</Filter>
    </ClCompile>
    <ClCompile Include="Player.cpp">
      <Filter>Source Files</Filter>
    </ClCompile>
    <ClCompile Include="Game.cpp">
      <Filter>Source Files</Filter>
    </ClCompile>
    <ClCompile Include="Graphics\ColorShader.cpp">
      <Filter>Source Files\Graphics</Filter>
    </ClCompile>
    <ClCompile Include="Graphics\D3D.cpp">
      <Filter>Source Files\Graphics</Filter>
    </ClCompile>
    <ClCompile Include="Graphics\Graphics.cpp">
      <Filter>Source Files\Graphics</Filter>
    </ClCompile>
    <ClCompile Include="Graphics\Camera.cpp">
      <Filter>Source Files\Graphics</Filter>
    </ClCompile>
    <ClCompile Include="Graphics\CineCamera.cpp">
      <Filter>Source Files\Graphics</Filter>
    </ClCompile>
    <ClCompile Include="Model.cpp">
      <Filter>Source Files</Filter>
    </ClCompile>
    <ClCompile Include="quadModel.cpp">
      <Filter>Source Files</Filter>
    </ClCompile>
    <ClCompile Include="ModelUtil.cpp">
      <Filter>Source Files</Filter>
    </ClCompile>
    <ClCompile Include="Graphics\Texture.cpp">
      <Filter>Source Files\Graphics</Filter>
    </ClCompile>
    <ClCompile Include="Graphics\TextureShader.cpp">
      <Filter>Source Files\Graphics</Filter>
    </ClCompile>
    <ClCompile Include="quadTexturedModel.cpp">
      <Filter>Source Files</Filter>
    </ClCompile>
    <ClCompile Include="ControllerInputManager.cpp">
      <Filter>Source Files\Input</Filter>
    </ClCompile>
  </ItemGroup>
  <ItemGroup>
    <ClInclude Include="Entity.h">
      <Filter>Header Files</Filter>
    </ClInclude>
    <ClInclude Include="Player.h">
      <Filter>Header Files</Filter>
    </ClInclude>
    <ClInclude Include="Game.h">
      <Filter>Header Files</Filter>
    </ClInclude>
    <ClInclude Include="DirectXHelper.h">
      <Filter>Header Files</Filter>
    </ClInclude>
    <ClInclude Include="Graphics\D3D.h">
      <Filter>Header Files\Graphics</Filter>
    </ClInclude>
    <ClInclude Include="Graphics\Graphics.h">
      <Filter>Header Files\Graphics</Filter>
    </ClInclude>
    <ClInclude Include="Graphics\ColorShader.h">
      <Filter>Header Files\Graphics</Filter>
    </ClInclude>
    <ClInclude Include="Graphics\Camera.h">
      <Filter>Header Files\Graphics</Filter>
    </ClInclude>
    <ClInclude Include="Graphics\CineCamera.h">
      <Filter>Header Files\Graphics</Filter>
    </ClInclude>
    <ClInclude Include="Model.h">
      <Filter>Header Files</Filter>
    </ClInclude>
    <ClInclude Include="vertextypes.h">
      <Filter>Header Files</Filter>
    </ClInclude>
    <ClInclude Include="quadModel.h">
      <Filter>Header Files</Filter>
    </ClInclude>
    <ClInclude Include="ModelUtil.h">
      <Filter>Header Files</Filter>
    </ClInclude>
    <ClInclude Include="Graphics\Texture.h">
      <Filter>Header Files\Graphics</Filter>
    </ClInclude>
    <ClInclude Include="Graphics\TextureShader.h">
      <Filter>Header Files\Graphics</Filter>
    </ClInclude>
    <ClInclude Include="quadTexturedModel.h">
      <Filter>Header Files</Filter>
    </ClInclude>
    <ClInclude Include="arraylist.h">
      <Filter>Header Files</Filter>
    </ClInclude>
    <ClInclude Include="ControllerInputManager.h">
      <Filter>Header Files\Input</Filter>
    </ClInclude>
  </ItemGroup>
  <ItemGroup>
    <None Include="Graphics\color.ps">
      <Filter>zShader Files</Filter>
    </None>
    <None Include="Graphics\color.vs">
      <Filter>zShader Files</Filter>
    </None>
    <None Include="Graphics\texture.ps">
      <Filter>zShader Files</Filter>
    </None>
    <None Include="Graphics\texture.vs">
      <Filter>zShader Files</Filter>
    </None>
  </ItemGroup>
</Project>